
Microsoft Visual Studio Solution File, Format Version 12.00
# Visual Studio Version 17
VisualStudioVersion = 17.5.33530.505
MinimumVisualStudioVersion = 10.0.40219.1
Project("{FAE04EC0-301F-11D3-BF4B-00C04F79EFBC}") = "Hubtel.Wallets.Api", "Hubtel.Wallets.Api\Hubtel.Wallets.Api.csproj", "{D1C48805-AA79-46BD-BEBE-13732C7B95FB}"
EndProject
Global
	GlobalSection(SolutionConfigurationPlatforms) = preSolution
		Debug|Any CPU = Debug|Any CPU
		Release|Any CPU = Release|Any CPU
	EndGlobalSection
	GlobalSection(ProjectConfigurationPlatforms) = postSolution
		{D1C48805-AA79-46BD-BEBE-13732C7B95FB}.Debug|Any CPU.ActiveCfg = Debug|Any CPU
		{D1C48805-AA79-46BD-BEBE-13732C7B95FB}.Debug|Any CPU.Build.0 = Debug|Any CPU
		{D1C48805-AA79-46BD-BEBE-13732C7B95FB}.Release|Any CPU.ActiveCfg = Release|Any CPU
		{D1C48805-AA79-46BD-BEBE-13732C7B95FB}.Release|Any CPU.Build.0 = Release|Any CPU
	EndGlobalSection
	GlobalSection(SolutionProperties) = preSolution
		HideSolutionNode = FALSE
	EndGlobalSection
	GlobalSection(ExtensibilityGlobals) = postSolution
		SolutionGuid = {2E06A76A-6CC2-4C3C-8C6B-B2FD82EB91C1}
	EndGlobalSection
EndGlobal
